{
  "version": 4,
  "terraform_version": "1.5.7",
  "serial": 4,
  "lineage": "a73542c0-86e9-ee83-6dcf-b01e42ed6816",
  "outputs": {},
  "resources": [
    {
      "mode": "managed",
      "type": "kubectl_manifest",
      "name": "ignite-service",
      "provider": "provider[\"registry.terraform.io/gavinbunney/kubectl\"]",
      "instances": [
        {
          "schema_version": 1,
          "attributes": {
            "api_version": "v1",
            "apply_only": false,
            "force_conflicts": false,
            "force_new": false,
            "id": "/api/v1/namespaces/default/services/ignite-service",
            "ignore_fields": null,
            "kind": "Service",
            "live_manifest_incluster": "ecc2e5c2220cfdaf6dd59b50645ba94123cca676c02d25a6a6d288f4f943620d",
            "live_uid": "4df43028-ede1-4e33-ae95-71bef49ec267",
            "name": "ignite-service",
            "namespace": null,
            "override_namespace": null,
            "sensitive_fields": null,
            "server_side_apply": false,
            "timeouts": null,
            "uid": "4df43028-ede1-4e33-ae95-71bef49ec267",
            "validate_schema": true,
            "wait": null,
            "wait_for_rollout": true,
            "yaml_body": "apiVersion: v1\nkind: Service\nmetadata:\n  name: ignite-service\nspec:\n  type: NodePort\n  ports:\n  - targetPort: 3000\n    port: 80\n    nodePort: 30000\n  selector:\n    app: simple-node\n",
            "yaml_body_parsed": "apiVersion: v1\nkind: Service\nmetadata:\n  name: ignite-service\nspec:\n  ports:\n  - nodePort: 30000\n    port: 80\n    targetPort: 3000\n  selector:\n    app: simple-node\n  type: NodePort\n",
            "yaml_incluster": "ecc2e5c2220cfdaf6dd59b50645ba94123cca676c02d25a6a6d288f4f943620d"
          },
          "sensitive_attributes": [],
          "private": "eyJlMmJmYjczMC1lY2FhLTExZTYtOGY4OC0zNDM2M2JjN2M0YzAiOnsiY3JlYXRlIjo2MDAwMDAwMDAwMDB9LCJzY2hlbWFfdmVyc2lvbiI6IjEifQ=="
        }
      ]
    },
    {
      "mode": "managed",
      "type": "kubectl_manifest",
      "name": "test",
      "provider": "provider[\"registry.terraform.io/gavinbunney/kubectl\"]",
      "instances": [
        {
          "schema_version": 1,
          "attributes": {
            "api_version": "v1",
            "apply_only": false,
            "force_conflicts": false,
            "force_new": false,
            "id": "/api/v1/namespaces/default/pods/ignite-dev",
            "ignore_fields": null,
            "kind": "Pod",
            "live_manifest_incluster": "e65dbd014f52c75d5eaa8795aa5dbb904cdc5dc548d160b1442acfc22e188b08",
            "live_uid": "5bc54203-00a7-4789-be8f-5e64b605e4f2",
            "name": "ignite-dev",
            "namespace": null,
            "override_namespace": null,
            "sensitive_fields": null,
            "server_side_apply": false,
            "timeouts": null,
            "uid": "5bc54203-00a7-4789-be8f-5e64b605e4f2",
            "validate_schema": true,
            "wait": null,
            "wait_for_rollout": true,
            "yaml_body": "apiVersion: v1\nkind: Pod\nmetadata:\n  name: ignite-dev\n  labels:\n    app: simple-node\nspec:\n  containers:\n  - name: awwal-simplehello\n    image: awwalmustapha/ignitedeve-hello\n    ports:\n    -  containerPort: 3000\n",
            "yaml_body_parsed": "apiVersion: v1\nkind: Pod\nmetadata:\n  labels:\n    app: simple-node\n  name: ignite-dev\nspec:\n  containers:\n  - image: awwalmustapha/ignitedeve-hello\n    name: awwal-simplehello\n    ports:\n    - containerPort: 3000\n",
            "yaml_incluster": "e65dbd014f52c75d5eaa8795aa5dbb904cdc5dc548d160b1442acfc22e188b08"
          },
          "sensitive_attributes": [],
          "private": "eyJlMmJmYjczMC1lY2FhLTExZTYtOGY4OC0zNDM2M2JjN2M0YzAiOnsiY3JlYXRlIjo2MDAwMDAwMDAwMDB9LCJzY2hlbWFfdmVyc2lvbiI6IjEifQ=="
        }
      ]
    }
  ],
  "check_results": null
}
